// !$*UTF8*$!
{
	archiveVersion = 1;
	classes = {
	};
	objectVersion = 46;
	objects = {

/* Begin PBXBuildFile section */
		FC934CB81D5037C200E03473 /* AppDelegate.swift in Sources */ = {isa = PBXBuildFile; fileRef = FC934CB71D5037C200E03473 /* AppDelegate.swift */; };
		FC934CBA1D5037C200E03473 /* ViewController.swift in Sources */ = {isa = PBXBuildFile; fileRef = FC934CB91D5037C200E03473 /* ViewController.swift */; };
		FC934CBD1D5037C200E03473 /* Main.storyboard in Resources */ = {isa = PBXBuildFile; fileRef = FC934CBB1D5037C200E03473 /* Main.storyboard */; };
		FC934CBF1D5037C200E03473 /* Assets.xcassets in Resources */ = {isa = PBXBuildFile; fileRef = FC934CBE1D5037C200E03473 /* Assets.xcassets */; };
		FC934CC21D5037C200E03473 /* LaunchScreen.storyboard in Resources */ = {isa = PBXBuildFile; fileRef = FC934CC01D5037C200E03473 /* LaunchScreen.storyboard */; };
/* End PBXBuildFile section */

/* Begin PBXFileReference section */
		FC934CB41D5037C200E03473 /* Zimzomair.app */ = {isa = PBXFileReference; explicitFileType = wrapper.application; includeInIndex = 0; path = Zimzomair.app; sourceTree = BUILT_PRODUCTS_DIR; };
		FC934CB71D5037C200E03473 /* AppDelegate.swift */ = {isa = PBXFileReference; lastKnownFileType = sourcecode.swift; path = AppDelegate.swift; sourceTree = "<group>"; };
		FC934CB91D5037C200E03473 /* ViewController.swift */ = {isa = PBXFileReference; lastKnownFileType = sourcecode.swift; path = ViewController.swift; sourceTree = "<group>"; };
		FC934CBC1D5037C200E03473 /* Base */ = {isa = PBXFileReference; lastKnownFileType = file.storyboard; name = Base; path = Base.lproj/Main.storyboard; sourceTree = "<group>"; };
		FC934CBE1D5037C200E03473 /* Assets.xcassets */ = {isa = PBXFileReference; lastKnownFileType = folder.assetcatalog; path = Assets.xcassets; sourceTree = "<group>"; };
		FC934CC11D5037C200E03473 /* Base */ = {isa = PBXFileReference; lastKnownFileType = file.storyboard; name = Base; path = Base.lproj/LaunchScreen.storyboard; sourceTree = "<group>"; };
		FC934CC31D5037C200E03473 /* Info.plist */ = {isa = PBXFileReference; lastKnownFileType = text.plist.xml; path = Info.plist; sourceTree = "<group>"; };
/* End PBXFileReference section */

/* Begin PBXFrameworksBuildPhase section */
		FC934CB11D5037C200E03473 /* Frameworks */ = {
			isa = PBXFrameworksBuildPhase;
			buildActionMask = 2147483647;
			files = (
			);
			runOnlyForDeploymentPostprocessing = 0;
		};
/* End PBXFrameworksBuildPhase section */

/* Begin PBXGroup section */
		FC934CAB1D5037C200E03473 = {
			isa = PBXGroup;
			children = (
				FC934CB61D5037C200E03473 /* Zimzomair */,
				FC934CB51D5037C200E03473 /* Products */,
			);
			sourceTree = "<group>";
		};
		FC934CB51D5037C200E03473 /* Products */ = {
			isa = PBXGroup;
			children = (
				FC934CB41D5037C200E03473 /* Zimzomair.app */,
			);
			name = Products;
			sourceTree = "<group>";
		};
		FC934CB61D5037C200E03473 /* Zimzomair */ = {
			isa = PBXGroup;
			children = (
				FC934CB71D5037C200E03473 /* AppDelegate.swift */,
				FC934CB91D5037C200E03473 /* ViewController.swift */,
				FC934CBB1D5037C200E03473 /* Main.storyboard */,
				FC934CBE1D5037C200E03473 /* Assets.xcassets */,
				FC934CC01D5037C200E03473 /* LaunchScreen.storyboard */,
				FC934CC31D5037C200E03473 /* Info.plist */,
			);
			path = Zimzomair;
			sourceTree = "<group>";
		};
/* End PBXGroup section */

/* Begin PBXNativeTarget section */
		FC934CB31D5037C200E03473 /* Zimzomair */ = {
			isa = PBXNativeTarget;
			buildConfigurationList = FC934CC61D5037C200E03473 /* Build configuration list for PBXNativeTarget "Zimzomair" */;
			buildPhases = (
				FC934CB01D5037C200E03473 /* Sources */,
				FC934CB11D5037C200E03473 /* Frameworks */,
				FC934CB21D5037C200E03473 /* Resources */,
			);
			buildRules = (
			);
			dependencies = (
			);
			name = Zimzomair;
			productName = Zimzomair;
			productReference = FC934CB41D5037C200E03473 /* Zimzomair.app */;
			productType = "com.apple.product-type.application";
		};
/* End PBXNativeTarget section */

/* Begin PBXProject section */
		FC934CAC1D5037C200E03473 /* Project object */ = {
			isa = PBXProject;
			attributes = {
				LastSwiftUpdateCheck = 0730;
				LastUpgradeCheck = 0730;
				ORGANIZATIONNAME = KIMHYUNSEUNG;
				TargetAttributes = {
					FC934CB31D5037C200E03473 = {
						CreatedOnToolsVersion = 7.3.1;
					};
				};
			};
			buildConfigurationList = FC934CAF1D5037C200E03473 /* Build configuration list for PBXProject "Zimzomair" */;
			compatibilityVersion = "Xcode 3.2";
			developmentRegion = English;
			hasScannedForEncodings = 0;
			knownRegions = (
				en,
				Base,
			);
			mainGroup = FC934CAB1D5037C200E03473;
			productRefGroup = FC934CB51D5037C200E03473 /* Products */;
			projectDirPath = "";
			projectRoot = "";
			targets = (
				FC934CB31D5037C200E03473 /* Zimzomair */,
			);
		};
/* End PBXProject section */

/* Begin PBXResourcesBuildPhase section */
		FC934CB21D5037C200E03473 /* Resources */ = {
			isa = PBXResourcesBuildPhase;
			buildActionMask = 2147483647;
			files = (
				FC934CC21D5037C200E03473 /* LaunchScreen.storyboard in Resources */,
				FC934CBF1D5037C200E03473 /* Assets.xcassets in Resources */,
				FC934CBD1D5037C200E03473 /* Main.storyboard in Resources */,
			);
			runOnlyForDeploymentPostprocessing = 0;
		};
/* End PBXResourcesBuildPhase section */

/* Begin PBXSourcesBuildPhase section */
		FC934CB01D5037C200E03473 /* Sources */ = {
			isa = PBXSourcesBuildPhase;
			buildActionMask = 2147483647;
			files = (
				FC934CBA1D5037C200E03473 /* ViewController.swift in Sources */,
				FC934CB81D5037C200E03473 /* AppDelegate.swift in Sources */,
			);
			runOnlyForDeploymentPostprocessing = 0;
		};
/* End PBXSourcesBuildPhase section */

/* Begin PBXVariantGroup section */
		FC934CBB1D5037C200E03473 /* Main.storyboard */ = {
			isa = PBXVariantGroup;
			children = (
				FC934CBC1D5037C200E03473 /* Base */,
			);
			name = Main.storyboard;
			sourceTree = "<group>";
		};
		FC934CC01D5037C200E03473 /* LaunchScreen.storyboard */ = {
			isa = PBXVariantGroup;
			children = (
				FC934CC11D5037C200E03473 /* Base */,
			);
			name = LaunchScreen.storyboard;
			sourceTree = "<group>";
		};
/* End PBXVariantGroup section */

/* Begin XCBuildConfiguration section */
		FC934CC41D5037C200E03473 /* Debug */ = {
			isa = XCBuildConfiguration;
			buildSettings = {
				ALWAYS_SEARCH_USER_PATHS = NO;
				CLANG_ANALYZER_NONNULL = YES;
				CLANG_CXX_LANGUAGE_STANDARD = "gnu++0x";
				CLANG_CXX_LIBRARY = "libc++";
				CLANG_ENABLE_MODULES = YES;
				CLANG_ENABLE_OBJC_ARC = YES;
				CLANG_WARN_BOOL_CONVERSION = YES;
				CLANG_WARN_CONSTANT_CONVERSION = YES;
				CLANG_WARN_DIRECT_OBJC_ISA_USAGE = YES_ERROR;
				CLANG_WARN_EMPTY_BODY = YES;
				CLANG_WARN_ENUM_CONVERSION = YES;
				CLANG_WARN_INT_CONVERSION = YES;
				CLANG_WARN_OBJC_ROOT_CLASS = YES_ERROR;
				CLANG_WARN_UNREACHABLE_CODE = YES;
				CLANG_WARN__DUPLICATE_METHOD_MATCH = YES;
				"CODE_SIGN_IDENTITY[sdk=iphoneos*]" = "iPhone Developer";
				COPY_PHASE_STRIP = NO;
				DEBUG_INFORMATION_FORMAT = dwarf;
				ENABLE_STRICT_OBJC_MSGSEND = YES;
				ENABLE_TESTABILITY = YES;
				GCC_C_LANGUAGE_STANDARD = gnu99;
				GCC_DYNAMIC_NO_PIC = NO;
				GCC_NO_COMMON_BLOCKS = YES;
				GCC_OPTIMIZATION_LEVEL = 0;
				GCC_PREPROCESSOR_DEFINITIONS = (
					"DEBUG=1",
					"$(inherited)",
				);
				GCC_WARN_64_TO_32_BIT_CONVERSION = YES;
				GCC_WARN_ABOUT_RETURN_TYPE = YES_ERROR;
				GCC_WARN_UNDECLARED_SELECTOR = YES;
				GCC_WARN_UNINITIALIZED_AUTOS = YES_AGGRESSIVE;
				GCC_WARN_UNUSED_FUNCTION = YES;
				GCC_WARN_UNUSED_VARIABLE = YES;
				IPHONEOS_DEPLOYMENT_TARGET = 9.3;
				MTL_ENABLE_DEBUG_INFO = YES;
				ONLY_ACTIVE_ARCH = YES;
				SDKROOT = iphoneos;
				SWIFT_OPTIMIZATION_LEVEL = "-Onone";
			};
			name = Debug;
		};
		FC934CC51D5037C200E03473 /* Release */ = {
			isa = XCBuildConfiguration;
			buildSettings = {
				ALWAYS_SEARCH_USER_PATHS = NO;
				CLANG_ANALYZER_NONNULL = YES;
				CLANG_CXX_LANGUAGE_STANDARD = "gnu++0x";
				CLANG_CXX_LIBRARY = "libc++";
				CLANG_ENABLE_MODULES = YES;
				CLANG_ENABLE_OBJC_ARC = YES;
				CLANG_WARN_BOOL_CONVERSION = YES;
				CLANG_WARN_CONSTANT_CONVERSION = YES;
				CLANG_WARN_DIRECT_OBJC_ISA_USAGE = YES_ERROR;
				CLANG_WARN_EMPTY_BODY = YES;
				CLANG_WARN_ENUM_CONVERSION = YES;
				CLANG_WARN_INT_CONVERSION = YES;
				CLANG_WARN_OBJC_ROOT_CLASS = YES_ERROR;
				CLANG_WARN_UNREACHABLE_CODE = YES;
				CLANG_WARN__DUPLICATE_METHOD_MATCH = YES;
				"CODE_SIGN_IDENTITY[sdk=iphoneos*]" = "iPhone Developer";
				COPY_PHASE_STRIP = NO;
				DEBUG_INFORMATION_FORMAT = "dwarf-with-dsym";
				ENABLE_NS_ASSERTIONS = NO;
				ENABLE_STRICT_OBJC_MSGSEND = YES;
				GCC_C_LANGUAGE_STANDARD = gnu99;
				GCC_NO_COMMON_BLOCKS = YES;
				GCC_WARN_64_TO_32_BIT_CONVERSION = YES;
				GCC_WARN_ABOUT_RETURN_TYPE = YES_ERROR;
				GCC_WARN_UNDECLARED_SELECTOR = YES;
				GCC_WARN_UNINITIALIZED_AUTOS = YES_AGGRESSIVE;
				GCC_WARN_UNUSED_FUNCTION = YES;
				GCC_WARN_UNUSED_VARIABLE = YES;
				IPHONEOS_DEPLOYMENT_TARGET = 9.3;
				MTL_ENABLE_DEBUG_INFO = NO;
				SDKROOT = iphoneos;
				VALIDATE_PRODUCT = YES;
			};
			name = Release;
		};
		FC934CC71D5037C200E03473 /* Debug */ = {
			isa = XCBuildConfiguration;
			buildSettings = {
				ASSETCATALOG_COMPILER_APPICON_NAME = AppIcon;
				INFOPLIST_FILE = Zimzomair/Info.plist;
				LD_RUNPATH_SEARCH_PATHS = "$(inherited) @executable_path/Frameworks";
				PRODUCT_BUNDLE_IDENTIFIER = kr.nopyc.Zimzomair;
				PRODUCT_NAME = "$(TARGET_NAME)";
			};
			name = Debug;
		};
		FC934CC81D5037C200E03473 /* Release */ = {
			isa = XCBuildConfiguration;
			buildSettings = {
				ASSETCATALOG_COMPILER_APPICON_NAME = AppIcon;
				INFOPLIST_FILE = Zimzomair/Info.plist;
				LD_RUNPATH_SEARCH_PATHS = "$(inherited) @executable_path/Frameworks";
				PRODUCT_BUNDLE_IDENTIFIER = kr.nopyc.Zimzomair;
				PRODUCT_NAME = "$(TARGET_NAME)";
			};
			name = Release;
		};
/* End XCBuildConfiguration section */

/* Begin XCConfigurationList section */
		FC934CAF1D5037C200E03473 /* Build configuration list for PBXProject "Zimzomair" */ = {
			isa = XCConfigurationList;
			buildConfigurations = (
				FC934CC41D5037C200E03473 /* Debug */,
				FC934CC51D5037C200E03473 /* Release */,
			);
			defaultConfigurationIsVisible = 0;
			defaultConfigurationName = Release;
		};
		FC934CC61D5037C200E03473 /* Build configuration list for PBXNativeTarget "Zimzomair" */ = {
			isa = XCConfigurationList;
			buildConfigurations = (
				FC934CC71D5037C200E03473 /* Debug */,
				FC934CC81D5037C200E03473 /* Release */,
			);
			defaultConfigurationIsVisible = 0;
		};
/* End XCConfigurationList section */
	};
	rootObject = FC934CAC1D5037C200E03473 /* Project object */;
}
